{
	"name": "assets",
	"lockfileVersion": 3,
	"requires": true,
	"packages": {
		"": {
			"dependencies": {
				"ag-grid-community": "^34.1.1",
				"echarts": "^6.0.0",
				"mapbox-gl": "^3.14.0",
				"tippy.js": "^6.3.7",
				"topbar": "^3.0.0"
			},
			"devDependencies": {
				"@biomejs/biome": "2.1.4"
			}
		},
		"node_modules/@biomejs/biome": {
			"version": "2.1.4",
			"resolved": "https://registry.npmjs.org/@biomejs/biome/-/biome-2.1.4.tgz",
			"integrity": "sha512-QWlrqyxsU0FCebuMnkvBIkxvPqH89afiJzjMl+z67ybutse590jgeaFdDurE9XYtzpjRGTI1tlUZPGWmbKsElA==",
			"dev": true,
			"license": "MIT OR Apache-2.0",
			"bin": {
				"biome": "bin/biome"
			},
			"engines": {
				"node": ">=14.21.3"
			},
			"funding": {
				"type": "opencollective",
				"url": "https://opencollective.com/biome"
			},
			"optionalDependencies": {
				"@biomejs/cli-darwin-arm64": "2.1.4",
				"@biomejs/cli-darwin-x64": "2.1.4",
				"@biomejs/cli-linux-arm64": "2.1.4",
				"@biomejs/cli-linux-arm64-musl": "2.1.4",
				"@biomejs/cli-linux-x64": "2.1.4",
				"@biomejs/cli-linux-x64-musl": "2.1.4",
				"@biomejs/cli-win32-arm64": "2.1.4",
				"@biomejs/cli-win32-x64": "2.1.4"
			}
		},
		"node_modules/@biomejs/cli-darwin-arm64": {
			"version": "2.1.4",
			"resolved": "https://registry.npmjs.org/@biomejs/cli-darwin-arm64/-/cli-darwin-arm64-2.1.4.tgz",
			"integrity": "sha512-sCrNENE74I9MV090Wq/9Dg7EhPudx3+5OiSoQOkIe3DLPzFARuL1dOwCWhKCpA3I5RHmbrsbNSRfZwCabwd8Qg==",
			"cpu": [
				"arm64"
			],
			"dev": true,
			"license": "MIT OR Apache-2.0",
			"optional": true,
			"os": [
				"darwin"
			],
			"engines": {
				"node": ">=14.21.3"
			}
		},
		"node_modules/@biomejs/cli-darwin-x64": {
			"version": "2.1.4",
			"resolved": "https://registry.npmjs.org/@biomejs/cli-darwin-x64/-/cli-darwin-x64-2.1.4.tgz",
			"integrity": "sha512-gOEICJbTCy6iruBywBDcG4X5rHMbqCPs3clh3UQ+hRKlgvJTk4NHWQAyHOXvaLe+AxD1/TNX1jbZeffBJzcrOw==",
			"cpu": [
				"x64"
			],
			"dev": true,
			"license": "MIT OR Apache-2.0",
			"optional": true,
			"os": [
				"darwin"
			],
			"engines": {
				"node": ">=14.21.3"
			}
		},
		"node_modules/@biomejs/cli-linux-arm64": {
			"version": "2.1.4",
			"resolved": "https://registry.npmjs.org/@biomejs/cli-linux-arm64/-/cli-linux-arm64-2.1.4.tgz",
			"integrity": "sha512-juhEkdkKR4nbUi5k/KRp1ocGPNWLgFRD4NrHZSveYrD6i98pyvuzmS9yFYgOZa5JhaVqo0HPnci0+YuzSwT2fw==",
			"cpu": [
				"arm64"
			],
			"dev": true,
			"license": "MIT OR Apache-2.0",
			"optional": true,
			"os": [
				"linux"
			],
			"engines": {
				"node": ">=14.21.3"
			}
		},
		"node_modules/@biomejs/cli-linux-arm64-musl": {
			"version": "2.1.4",
			"resolved": "https://registry.npmjs.org/@biomejs/cli-linux-arm64-musl/-/cli-linux-arm64-musl-2.1.4.tgz",
			"integrity": "sha512-nYr7H0CyAJPaLupFE2cH16KZmRC5Z9PEftiA2vWxk+CsFkPZQ6dBRdcC6RuS+zJlPc/JOd8xw3uCCt9Pv41WvQ==",
			"cpu": [
				"arm64"
			],
			"dev": true,
			"license": "MIT OR Apache-2.0",
			"optional": true,
			"os": [
				"linux"
			],
			"engines": {
				"node": ">=14.21.3"
			}
		},
		"node_modules/@biomejs/cli-linux-x64": {
			"version": "2.1.4",
			"resolved": "https://registry.npmjs.org/@biomejs/cli-linux-x64/-/cli-linux-x64-2.1.4.tgz",
			"integrity": "sha512-Eoy9ycbhpJVYuR+LskV9s3uyaIkp89+qqgqhGQsWnp/I02Uqg2fXFblHJOpGZR8AxdB9ADy87oFVxn9MpFKUrw==",
			"cpu": [
				"x64"
			],
			"dev": true,
			"license": "MIT OR Apache-2.0",
			"optional": true,
			"os": [
				"linux"
			],
			"engines": {
				"node": ">=14.21.3"
			}
		},
		"node_modules/@biomejs/cli-linux-x64-musl": {
			"version": "2.1.4",
			"resolved": "https://registry.npmjs.org/@biomejs/cli-linux-x64-musl/-/cli-linux-x64-musl-2.1.4.tgz",
			"integrity": "sha512-lvwvb2SQQHctHUKvBKptR6PLFCM7JfRjpCCrDaTmvB7EeZ5/dQJPhTYBf36BE/B4CRWR2ZiBLRYhK7hhXBCZAg==",
			"cpu": [
				"x64"
			],
			"dev": true,
			"license": "MIT OR Apache-2.0",
			"optional": true,
			"os": [
				"linux"
			],
			"engines": {
				"node": ">=14.21.3"
			}
		},
		"node_modules/@biomejs/cli-win32-arm64": {
			"version": "2.1.4",
			"resolved": "https://registry.npmjs.org/@biomejs/cli-win32-arm64/-/cli-win32-arm64-2.1.4.tgz",
			"integrity": "sha512-3WRYte7orvyi6TRfIZkDN9Jzoogbv+gSvR+b9VOXUg1We1XrjBg6WljADeVEaKTvOcpVdH0a90TwyOQ6ue4fGw==",
			"cpu": [
				"arm64"
			],
			"dev": true,
			"license": "MIT OR Apache-2.0",
			"optional": true,
			"os": [
				"win32"
			],
			"engines": {
				"node": ">=14.21.3"
			}
		},
		"node_modules/@biomejs/cli-win32-x64": {
			"version": "2.1.4",
			"resolved": "https://registry.npmjs.org/@biomejs/cli-win32-x64/-/cli-win32-x64-2.1.4.tgz",
			"integrity": "sha512-tBc+W7anBPSFXGAoQW+f/+svkpt8/uXfRwDzN1DvnatkRMt16KIYpEi/iw8u9GahJlFv98kgHcIrSsZHZTR0sw==",
			"cpu": [
				"x64"
			],
			"dev": true,
			"license": "MIT OR Apache-2.0",
			"optional": true,
			"os": [
				"win32"
			],
			"engines": {
				"node": ">=14.21.3"
			}
		},
		"node_modules/@mapbox/jsonlint-lines-primitives": {
			"version": "2.0.2",
			"engines": {
				"node": ">= 0.6"
			}
		},
		"node_modules/@mapbox/mapbox-gl-supported": {
			"version": "3.0.0",
			"license": "BSD-3-Clause"
		},
		"node_modules/@mapbox/point-geometry": {
			"version": "1.1.0",
			"resolved": "https://registry.npmjs.org/@mapbox/point-geometry/-/point-geometry-1.1.0.tgz",
			"integrity": "sha512-YGcBz1cg4ATXDCM/71L9xveh4dynfGmcLDqufR+nQQy3fKwsAZsWd/x4621/6uJaeB9mwOHE6hPeDgXz9uViUQ==",
			"license": "ISC"
		},
		"node_modules/@mapbox/tiny-sdf": {
			"version": "2.0.6",
			"license": "BSD-2-Clause"
		},
		"node_modules/@mapbox/unitbezier": {
			"version": "0.0.1",
			"license": "BSD-2-Clause"
		},
		"node_modules/@mapbox/vector-tile": {
			"version": "2.0.4",
			"resolved": "https://registry.npmjs.org/@mapbox/vector-tile/-/vector-tile-2.0.4.tgz",
			"integrity": "sha512-AkOLcbgGTdXScosBWwmmD7cDlvOjkg/DetGva26pIRiZPdeJYjYKarIlb4uxVzi6bwHO6EWH82eZ5Nuv4T5DUg==",
			"license": "BSD-3-Clause",
			"dependencies": {
				"@mapbox/point-geometry": "~1.1.0",
				"@types/geojson": "^7946.0.16",
				"pbf": "^4.0.1"
			}
		},
		"node_modules/@mapbox/whoots-js": {
			"version": "3.1.0",
			"license": "ISC",
			"engines": {
				"node": ">=6.0.0"
			}
		},
		"node_modules/@popperjs/core": {
			"version": "2.11.8",
			"resolved": "https://registry.npmjs.org/@popperjs/core/-/core-2.11.8.tgz",
			"integrity": "sha512-P1st0aksCrn9sGZhp8GMYwBnQsbvAWsZAX44oXNNvLHGqAOcoVxmjZiohstwQ7SqKnbR47akdNi+uleWD8+g6A==",
			"license": "MIT",
			"funding": {
				"type": "opencollective",
				"url": "https://opencollective.com/popperjs"
			}
		},
		"node_modules/@types/geojson": {
			"version": "7946.0.16",
			"license": "MIT"
		},
		"node_modules/@types/geojson-vt": {
			"version": "3.2.5",
			"license": "MIT",
			"dependencies": {
				"@types/geojson": "*"
			}
		},
		"node_modules/@types/mapbox__point-geometry": {
			"version": "0.1.4",
			"resolved": "https://registry.npmjs.org/@types/mapbox__point-geometry/-/mapbox__point-geometry-0.1.4.tgz",
			"integrity": "sha512-mUWlSxAmYLfwnRBmgYV86tgYmMIICX4kza8YnE/eIlywGe2XoOxlpVnXWwir92xRLjwyarqwpu2EJKD2pk0IUA==",
			"license": "MIT"
		},
		"node_modules/@types/pbf": {
			"version": "3.0.5",
			"resolved": "https://registry.npmjs.org/@types/pbf/-/pbf-3.0.5.tgz",
			"integrity": "sha512-j3pOPiEcWZ34R6a6mN07mUkM4o4Lwf6hPNt8eilOeZhTFbxFXmKhvXl9Y28jotFPaI1bpPDJsbCprUoNke6OrA==",
			"license": "MIT"
		},
		"node_modules/@types/supercluster": {
			"version": "7.1.3",
			"license": "MIT",
			"dependencies": {
				"@types/geojson": "*"
			}
		},
		"node_modules/ag-charts-types": {
			"version": "12.1.1",
			"resolved": "https://registry.npmjs.org/ag-charts-types/-/ag-charts-types-12.1.1.tgz",
			"integrity": "sha512-VbAOfp1E7+Z/TBufJOIjUYdx70kQRDg49WoluiVKVSB0r0el/uvxARp9xjzx4ByBq9+Xq/V23tJVsRj1MS2A/g==",
			"license": "MIT"
		},
		"node_modules/ag-grid-community": {
			"version": "34.1.1",
			"resolved": "https://registry.npmjs.org/ag-grid-community/-/ag-grid-community-34.1.1.tgz",
			"integrity": "sha512-ODVvGoMTkyGvMT8b5lzvum5r93bG6CKdJdNrk6u/aYS7oqZ5rUEXJJHC8n8Zq+o76KhFiXMBQrU39xuhz8i+Tg==",
			"license": "MIT",
			"dependencies": {
				"ag-charts-types": "12.1.1"
			}
		},
		"node_modules/cheap-ruler": {
			"version": "4.0.0",
			"license": "ISC"
		},
		"node_modules/csscolorparser": {
			"version": "1.0.3",
			"license": "MIT"
		},
		"node_modules/earcut": {
			"version": "3.0.1",
			"license": "ISC"
		},
		"node_modules/echarts": {
			"version": "6.0.0",
			"resolved": "https://registry.npmjs.org/echarts/-/echarts-6.0.0.tgz",
			"integrity": "sha512-Tte/grDQRiETQP4xz3iZWSvoHrkCQtwqd6hs+mifXcjrCuo2iKWbajFObuLJVBlDIJlOzgQPd1hsaKt/3+OMkQ==",
			"license": "Apache-2.0",
			"dependencies": {
				"tslib": "2.3.0",
				"zrender": "6.0.0"
			}
		},
		"node_modules/geojson-vt": {
			"version": "4.0.2",
			"license": "ISC"
		},
		"node_modules/gl-matrix": {
			"version": "3.4.3",
			"license": "MIT"
		},
		"node_modules/grid-index": {
			"version": "1.1.0",
			"license": "ISC"
		},
		"node_modules/kdbush": {
			"version": "4.0.2",
			"license": "ISC"
		},
		"node_modules/mapbox-gl": {
			"version": "3.14.0",
			"resolved": "https://registry.npmjs.org/mapbox-gl/-/mapbox-gl-3.14.0.tgz",
			"integrity": "sha512-KYhi9ZOQL4BB0J061admPH8O5ZZhhxsyiJ6DQCOkCaps0JEB4HF3SbJwu8S0pJKaQUxNS33sSbzW8iDSSauHPQ==",
			"license": "SEE LICENSE IN LICENSE.txt",
			"workspaces": [
				"src/style-spec",
				"test/build/typings"
			],
			"dependencies": {
				"@mapbox/jsonlint-lines-primitives": "^2.0.2",
				"@mapbox/mapbox-gl-supported": "^3.0.0",
				"@mapbox/point-geometry": "^1.1.0",
				"@mapbox/tiny-sdf": "^2.0.6",
				"@mapbox/unitbezier": "^0.0.1",
				"@mapbox/vector-tile": "^2.0.4",
				"@mapbox/whoots-js": "^3.1.0",
				"@types/geojson": "^7946.0.16",
				"@types/geojson-vt": "^3.2.5",
				"@types/mapbox__point-geometry": "^0.1.4",
				"@types/pbf": "^3.0.5",
				"@types/supercluster": "^7.1.3",
				"cheap-ruler": "^4.0.0",
				"csscolorparser": "~1.0.3",
				"earcut": "^3.0.1",
				"geojson-vt": "^4.0.2",
				"gl-matrix": "^3.4.3",
				"grid-index": "^1.1.0",
				"kdbush": "^4.0.2",
				"martinez-polygon-clipping": "^0.7.4",
				"murmurhash-js": "^1.0.0",
				"pbf": "^4.0.1",
				"potpack": "^2.0.0",
				"quickselect": "^3.0.0",
				"serialize-to-js": "^3.1.2",
				"supercluster": "^8.0.1",
				"tinyqueue": "^3.0.0"
			}
		},
		"node_modules/martinez-polygon-clipping": {
			"version": "0.7.4",
			"resolved": "https://registry.npmjs.org/martinez-polygon-clipping/-/martinez-polygon-clipping-0.7.4.tgz",
			"integrity": "sha512-jBEwrKtA0jTagUZj2bnmb4Yg2s4KnJGRePStgI7bAVjtcipKiF39R4LZ2V/UT61jMYWrTcBhPazexeqd6JAVtw==",
			"license": "MIT",
			"dependencies": {
				"robust-predicates": "^2.0.4",
				"splaytree": "^0.1.4",
				"tinyqueue": "^1.2.0"
			}
		},
		"node_modules/martinez-polygon-clipping/node_modules/tinyqueue": {
			"version": "1.2.3",
			"resolved": "https://registry.npmjs.org/tinyqueue/-/tinyqueue-1.2.3.tgz",
			"integrity": "sha512-Qz9RgWuO9l8lT+Y9xvbzhPT2efIUIFd69N7eF7tJ9lnQl0iLj1M7peK7IoUGZL9DJHw9XftqLreccfxcQgYLxA==",
			"license": "ISC"
		},
		"node_modules/murmurhash-js": {
			"version": "1.0.0",
			"license": "MIT"
		},
		"node_modules/pbf": {
			"version": "4.0.1",
			"resolved": "https://registry.npmjs.org/pbf/-/pbf-4.0.1.tgz",
			"integrity": "sha512-SuLdBvS42z33m8ejRbInMapQe8n0D3vN/Xd5fmWM3tufNgRQFBpaW2YVJxQZV4iPNqb0vEFvssMEo5w9c6BTIA==",
			"license": "BSD-3-Clause",
			"dependencies": {
				"resolve-protobuf-schema": "^2.1.0"
			},
			"bin": {
				"pbf": "bin/pbf"
			}
		},
		"node_modules/potpack": {
			"version": "2.0.0",
			"license": "ISC"
		},
		"node_modules/protocol-buffers-schema": {
			"version": "3.6.0",
			"resolved": "https://registry.npmjs.org/protocol-buffers-schema/-/protocol-buffers-schema-3.6.0.tgz",
			"integrity": "sha512-TdDRD+/QNdrCGCE7v8340QyuXd4kIWIgapsE2+n/SaGiSSbomYl4TjHlvIoCWRpE7wFt02EpB35VVA2ImcBVqw==",
			"license": "MIT"
		},
		"node_modules/quickselect": {
			"version": "3.0.0",
			"license": "ISC"
		},
		"node_modules/resolve-protobuf-schema": {
			"version": "2.1.0",
			"resolved": "https://registry.npmjs.org/resolve-protobuf-schema/-/resolve-protobuf-schema-2.1.0.tgz",
			"integrity": "sha512-kI5ffTiZWmJaS/huM8wZfEMer1eRd7oJQhDuxeCLe3t7N7mX3z94CN0xPxBQxFYQTSNz9T0i+v6inKqSdK8xrQ==",
			"license": "MIT",
			"dependencies": {
				"protocol-buffers-schema": "^3.3.1"
			}
		},
		"node_modules/robust-predicates": {
			"version": "2.0.4",
			"resolved": "https://registry.npmjs.org/robust-predicates/-/robust-predicates-2.0.4.tgz",
			"integrity": "sha512-l4NwboJM74Ilm4VKfbAtFeGq7aEjWL+5kVFcmgFA2MrdnQWx9iE/tUGvxY5HyMI7o/WpSIUFLbC5fbeaHgSCYg==",
			"license": "Unlicense"
		},
		"node_modules/serialize-to-js": {
			"version": "3.1.2",
			"license": "MIT",
			"engines": {
				"node": ">=4.0.0"
			}
		},
		"node_modules/splaytree": {
			"version": "0.1.4",
			"resolved": "https://registry.npmjs.org/splaytree/-/splaytree-0.1.4.tgz",
			"integrity": "sha512-D50hKrjZgBzqD3FT2Ek53f2dcDLAQT8SSGrzj3vidNH5ISRgceeGVJ2dQIthKOuayqFXfFjXheHNo4bbt9LhRQ==",
			"license": "MIT"
		},
		"node_modules/supercluster": {
			"version": "8.0.1",
			"license": "ISC",
			"dependencies": {
				"kdbush": "^4.0.2"
			}
		},
		"node_modules/tinyqueue": {
			"version": "3.0.0",
			"license": "ISC"
		},
		"node_modules/tippy.js": {
			"version": "6.3.7",
			"resolved": "https://registry.npmjs.org/tippy.js/-/tippy.js-6.3.7.tgz",
			"integrity": "sha512-E1d3oP2emgJ9dRQZdf3Kkn0qJgI6ZLpyS5z6ZkY1DF3kaQaBsGZsndEpHwx+eC+tYM41HaSNvNtLx8tU57FzTQ==",
			"license": "MIT",
			"dependencies": {
				"@popperjs/core": "^2.9.0"
			}
		},
		"node_modules/topbar": {
			"version": "3.0.0",
			"resolved": "https://registry.npmjs.org/topbar/-/topbar-3.0.0.tgz",
			"integrity": "sha512-mhczD7KfYi1anfoMPKRdl0wPSWiYc0YOK4KyycYs3EaNT15pVVNDG5CtfgZcEBWIPJEdfR7r8K4hTXDD2ECBVQ==",
			"license": "MIT"
		},
		"node_modules/tslib": {
			"version": "2.3.0",
			"resolved": "https://registry.npmjs.org/tslib/-/tslib-2.3.0.tgz",
			"integrity": "sha512-N82ooyxVNm6h1riLCoyS9e3fuJ3AMG2zIZs2Gd1ATcSFjSA23Q0fzjjZeh0jbJvWVDZ0cJT8yaNNaaXHzueNjg==",
			"license": "0BSD"
		},
		"node_modules/zrender": {
			"version": "6.0.0",
			"resolved": "https://registry.npmjs.org/zrender/-/zrender-6.0.0.tgz",
			"integrity": "sha512-41dFXEEXuJpNecuUQq6JlbybmnHaqqpGlbH1yxnA5V9MMP4SbohSVZsJIwz+zdjQXSSlR1Vc34EgH1zxyTDvhg==",
			"license": "BSD-3-Clause",
			"dependencies": {
				"tslib": "2.3.0"
			}
		}
	}
}
